// !$*UTF8*$!
{
	archiveVersion = 1;
	classes = {
	};
	objectVersion = 46;
	objects = {

/* Begin PBXBuildFile section */
		7FF25B5F1F673C89001595DB /* AppDelegate.swift in Sources */ = {isa = PBXBuildFile; fileRef = 7FF25B5E1F673C89001595DB /* AppDelegate.swift */; };
		7FF25B611F673C89001595DB /* ViewController.swift in Sources */ = {isa = PBXBuildFile; fileRef = 7FF25B601F673C89001595DB /* ViewController.swift */; };
		7FF25B641F673C89001595DB /* Main.storyboard in Resources */ = {isa = PBXBuildFile; fileRef = 7FF25B621F673C89001595DB /* Main.storyboard */; };
		7FF25B661F673C89001595DB /* Assets.xcassets in Resources */ = {isa = PBXBuildFile; fileRef = 7FF25B651F673C89001595DB /* Assets.xcassets */; };
		7FF25B691F673C89001595DB /* LaunchScreen.storyboard in Resources */ = {isa = PBXBuildFile; fileRef = 7FF25B671F673C89001595DB /* LaunchScreen.storyboard */; };
/* End PBXBuildFile section */

/* Begin PBXFileReference section */
		7FF25B5B1F673C89001595DB /* RainbowColor.app */ = {isa = PBXFileReference; explicitFileType = wrapper.application; includeInIndex = 0; path = RainbowColor.app; sourceTree = BUILT_PRODUCTS_DIR; };
		7FF25B5E1F673C89001595DB /* AppDelegate.swift */ = {isa = PBXFileReference; lastKnownFileType = sourcecode.swift; path = AppDelegate.swift; sourceTree = "<group>"; };
		7FF25B601F673C89001595DB /* ViewController.swift */ = {isa = PBXFileReference; lastKnownFileType = sourcecode.swift; path = ViewController.swift; sourceTree = "<group>"; };
		7FF25B631F673C89001595DB /* Base */ = {isa = PBXFileReference; lastKnownFileType = file.storyboard; name = Base; path = Base.lproj/Main.storyboard; sourceTree = "<group>"; };
		7FF25B651F673C89001595DB /* Assets.xcassets */ = {isa = PBXFileReference; lastKnownFileType = folder.assetcatalog; path = Assets.xcassets; sourceTree = "<group>"; };
		7FF25B681F673C89001595DB /* Base */ = {isa = PBXFileReference; lastKnownFileType = file.storyboard; name = Base; path = Base.lproj/LaunchScreen.storyboard; sourceTree = "<group>"; };
		7FF25B6A1F673C89001595DB /* Info.plist */ = {isa = PBXFileReference; lastKnownFileType = text.plist.xml; path = Info.plist; sourceTree = "<group>"; };
/* End PBXFileReference section */

/* Begin PBXFrameworksBuildPhase section */
		7FF25B581F673C89001595DB /* Frameworks */ = {
			isa = PBXFrameworksBuildPhase;
			buildActionMask = 2147483647;
			files = (
			);
			runOnlyForDeploymentPostprocessing = 0;
		};
/* End PBXFrameworksBuildPhase section */

/* Begin PBXGroup section */
		7FF25B521F673C89001595DB = {
			isa = PBXGroup;
			children = (
				7FF25B5D1F673C89001595DB /* RainbowColor */,
				7FF25B5C1F673C89001595DB /* Products */,
			);
			sourceTree = "<group>";
		};
		7FF25B5C1F673C89001595DB /* Products */ = {
			isa = PBXGroup;
			children = (
				7FF25B5B1F673C89001595DB /* RainbowColor.app */,
			);
			name = Products;
			sourceTree = "<group>";
		};
		7FF25B5D1F673C89001595DB /* RainbowColor */ = {
			isa = PBXGroup;
			children = (
				7FF25B5E1F673C89001595DB /* AppDelegate.swift */,
				7FF25B601F673C89001595DB /* ViewController.swift */,
				7FF25B621F673C89001595DB /* Main.storyboard */,
				7FF25B651F673C89001595DB /* Assets.xcassets */,
				7FF25B671F673C89001595DB /* LaunchScreen.storyboard */,
				7FF25B6A1F673C89001595DB /* Info.plist */,
			);
			path = RainbowColor;
			sourceTree = "<group>";
		};
/* End PBXGroup section */

/* Begin PBXNativeTarget section */
		7FF25B5A1F673C89001595DB /* RainbowColor */ = {
			isa = PBXNativeTarget;
			buildConfigurationList = 7FF25B6D1F673C89001595DB /* Build configuration list for PBXNativeTarget "RainbowColor" */;
			buildPhases = (
				7FF25B571F673C89001595DB /* Sources */,
				7FF25B581F673C89001595DB /* Frameworks */,
				7FF25B591F673C89001595DB /* Resources */,
			);
			buildRules = (
			);
			dependencies = (
			);
			name = RainbowColor;
			productName = RainbowColor;
			productReference = 7FF25B5B1F673C89001595DB /* RainbowColor.app */;
			productType = "com.apple.product-type.application";
		};
/* End PBXNativeTarget section */

/* Begin PBXProject section */
		7FF25B531F673C89001595DB /* Project object */ = {
			isa = PBXProject;
			attributes = {
				LastSwiftUpdateCheck = 0830;
				LastUpgradeCheck = 0830;
				ORGANIZATIONNAME = "Liseth Cardozo Sejas";
				TargetAttributes = {
					7FF25B5A1F673C89001595DB = {
						CreatedOnToolsVersion = 8.3.2;
						ProvisioningStyle = Automatic;
					};
				};
			};
			buildConfigurationList = 7FF25B561F673C89001595DB /* Build configuration list for PBXProject "RainbowColor" */;
			compatibilityVersion = "Xcode 3.2";
			developmentRegion = English;
			hasScannedForEncodings = 0;
			knownRegions = (
				en,
				Base,
			);
			mainGroup = 7FF25B521F673C89001595DB;
			productRefGroup = 7FF25B5C1F673C89001595DB /* Products */;
			projectDirPath = "";
			projectRoot = "";
			targets = (
				7FF25B5A1F673C89001595DB /* RainbowColor */,
			);
		};
/* End PBXProject section */

/* Begin PBXResourcesBuildPhase section */
		7FF25B591F673C89001595DB /* Resources */ = {
			isa = PBXResourcesBuildPhase;
			buildActionMask = 2147483647;
			files = (
				7FF25B691F673C89001595DB /* LaunchScreen.storyboard in Resources */,
				7FF25B661F673C89001595DB /* Assets.xcassets in Resources */,
				7FF25B641F673C89001595DB /* Main.storyboard in Resources */,
			);
			runOnlyForDeploymentPostprocessing = 0;
		};
/* End PBXResourcesBuildPhase section */

/* Begin PBXSourcesBuildPhase section */
		7FF25B571F673C89001595DB /* Sources */ = {
			isa = PBXSourcesBuildPhase;
			buildActionMask = 2147483647;
			files = (
				7FF25B611F673C89001595DB /* ViewController.swift in Sources */,
				7FF25B5F1F673C89001595DB /* AppDelegate.swift in Sources */,
			);
			runOnlyForDeploymentPostprocessing = 0;
		};
/* End PBXSourcesBuildPhase section */

/* Begin PBXVariantGroup section */
		7FF25B621F673C89001595DB /* Main.storyboard */ = {
			isa = PBXVariantGroup;
			children = (
				7FF25B631F673C89001595DB /* Base */,
			);
			name = Main.storyboard;
			sourceTree = "<group>";
		};
		7FF25B671F673C89001595DB /* LaunchScreen.storyboard */ = {
			isa = PBXVariantGroup;
			children = (
				7FF25B681F673C89001595DB /* Base */,
			);
			name = LaunchScreen.storyboard;
			sourceTree = "<group>";
		};
/* End PBXVariantGroup section */

/* Begin XCBuildConfiguration section */
		7FF25B6B1F673C89001595DB /* Debug */ = {
			isa = XCBuildConfiguration;
			buildSettings = {
				ALWAYS_SEARCH_USER_PATHS = NO;
				CLANG_ANALYZER_NONNULL = YES;
				CLANG_ANALYZER_NUMBER_OBJECT_CONVERSION = YES_AGGRESSIVE;
				CLANG_CXX_LANGUAGE_STANDARD = "gnu++0x";
				CLANG_CXX_LIBRARY = "libc++";
				CLANG_ENABLE_MODULES = YES;
				CLANG_ENABLE_OBJC_ARC = YES;
				CLANG_WARN_BOOL_CONVERSION = YES;
				CLANG_WARN_CONSTANT_CONVERSION = YES;
				CLANG_WARN_DIRECT_OBJC_ISA_USAGE = YES_ERROR;
				CLANG_WARN_DOCUMENTATION_COMMENTS = YES;
				CLANG_WARN_EMPTY_BODY = YES;
				CLANG_WARN_ENUM_CONVERSION = YES;
				CLANG_WARN_INFINITE_RECURSION = YES;
				CLANG_WARN_INT_CONVERSION = YES;
				CLANG_WARN_OBJC_ROOT_CLASS = YES_ERROR;
				CLANG_WARN_SUSPICIOUS_MOVE = YES;
				CLANG_WARN_UNREACHABLE_CODE = YES;
				CLANG_WARN__DUPLICATE_METHOD_MATCH = YES;
				"CODE_SIGN_IDENTITY[sdk=iphoneos*]" = "iPhone Developer";
				COPY_PHASE_STRIP = NO;
				DEBUG_INFORMATION_FORMAT = dwarf;
				ENABLE_STRICT_OBJC_MSGSEND = YES;
				ENABLE_TESTABILITY = YES;
				GCC_C_LANGUAGE_STANDARD = gnu99;
				GCC_DYNAMIC_NO_PIC = NO;
				GCC_NO_COMMON_BLOCKS = YES;
				GCC_OPTIMIZATION_LEVEL = 0;
				GCC_PREPROCESSOR_DEFINITIONS = (
					"DEBUG=1",
					"$(inherited)",
				);
				GCC_WARN_64_TO_32_BIT_CONVERSION = YES;
				GCC_WARN_ABOUT_RETURN_TYPE = YES_ERROR;
				GCC_WARN_UNDECLARED_SELECTOR = YES;
				GCC_WARN_UNINITIALIZED_AUTOS = YES_AGGRESSIVE;
				GCC_WARN_UNUSED_FUNCTION = YES;
				GCC_WARN_UNUSED_VARIABLE = YES;
				IPHONEOS_DEPLOYMENT_TARGET = 10.3;
				MTL_ENABLE_DEBUG_INFO = YES;
				ONLY_ACTIVE_ARCH = YES;
				SDKROOT = iphoneos;
				SWIFT_ACTIVE_COMPILATION_CONDITIONS = DEBUG;
				SWIFT_OPTIMIZATION_LEVEL = "-Onone";
				TARGETED_DEVICE_FAMILY = "1,2";
			};
			name = Debug;
		};
		7FF25B6C1F673C89001595DB /* Release */ = {
			isa = XCBuildConfiguration;
			buildSettings = {
				ALWAYS_SEARCH_USER_PATHS = NO;
				CLANG_ANALYZER_NONNULL = YES;
				CLANG_ANALYZER_NUMBER_OBJECT_CONVERSION = YES_AGGRESSIVE;
				CLANG_CXX_LANGUAGE_STANDARD = "gnu++0x";
				CLANG_CXX_LIBRARY = "libc++";
				CLANG_ENABLE_MODULES = YES;
				CLANG_ENABLE_OBJC_ARC = YES;
				CLANG_WARN_BOOL_CONVERSION = YES;
				CLANG_WARN_CONSTANT_CONVERSION = YES;
				CLANG_WARN_DIRECT_OBJC_ISA_USAGE = YES_ERROR;
				CLANG_WARN_DOCUMENTATION_COMMENTS = YES;
				CLANG_WARN_EMPTY_BODY = YES;
				CLANG_WARN_ENUM_CONVERSION = YES;
				CLANG_WARN_INFINITE_RECURSION = YES;
				CLANG_WARN_INT_CONVERSION = YES;
				CLANG_WARN_OBJC_ROOT_CLASS = YES_ERROR;
				CLANG_WARN_SUSPICIOUS_MOVE = YES;
				CLANG_WARN_UNREACHABLE_CODE = YES;
				CLANG_WARN__DUPLICATE_METHOD_MATCH = YES;
				"CODE_SIGN_IDENTITY[sdk=iphoneos*]" = "iPhone Developer";
				COPY_PHASE_STRIP = NO;
				DEBUG_INFORMATION_FORMAT = "dwarf-with-dsym";
				ENABLE_NS_ASSERTIONS = NO;
				ENABLE_STRICT_OBJC_MSGSEND = YES;
				GCC_C_LANGUAGE_STANDARD = gnu99;
				GCC_NO_COMMON_BLOCKS = YES;
				GCC_WARN_64_TO_32_BIT_CONVERSION = YES;
				GCC_WARN_ABOUT_RETURN_TYPE = YES_ERROR;
				GCC_WARN_UNDECLARED_SELECTOR = YES;
				GCC_WARN_UNINITIALIZED_AUTOS = YES_AGGRESSIVE;
				GCC_WARN_UNUSED_FUNCTION = YES;
				GCC_WARN_UNUSED_VARIABLE = YES;
				IPHONEOS_DEPLOYMENT_TARGET = 10.3;
				MTL_ENABLE_DEBUG_INFO = NO;
				SDKROOT = iphoneos;
				SWIFT_OPTIMIZATION_LEVEL = "-Owholemodule";
				TARGETED_DEVICE_FAMILY = "1,2";
				VALIDATE_PRODUCT = YES;
			};
			name = Release;
		};
		7FF25B6E1F673C89001595DB /* Debug */ = {
			isa = XCBuildConfiguration;
			buildSettings = {
				ASSETCATALOG_COMPILER_APPICON_NAME = AppIcon;
				INFOPLIST_FILE = RainbowColor/Info.plist;
				LD_RUNPATH_SEARCH_PATHS = "$(inherited) @executable_path/Frameworks";
				PRODUCT_BUNDLE_IDENTIFIER = com.LisCardozo.RainbowColor;
				PRODUCT_NAME = "$(TARGET_NAME)";
				SWIFT_VERSION = 3.0;
			};
			name = Debug;
		};
		7FF25B6F1F673C89001595DB /* Release */ = {
			isa = XCBuildConfiguration;
			buildSettings = {
				ASSETCATALOG_COMPILER_APPICON_NAME = AppIcon;
				INFOPLIST_FILE = RainbowColor/Info.plist;
				LD_RUNPATH_SEARCH_PATHS = "$(inherited) @executable_path/Frameworks";
				PRODUCT_BUNDLE_IDENTIFIER = com.LisCardozo.RainbowColor;
				PRODUCT_NAME = "$(TARGET_NAME)";
				SWIFT_VERSION = 3.0;
			};
			name = Release;
		};
/* End XCBuildConfiguration section */

/* Begin XCConfigurationList section */
		7FF25B561F673C89001595DB /* Build configuration list for PBXProject "RainbowColor" */ = {
			isa = XCConfigurationList;
			buildConfigurations = (
				7FF25B6B1F673C89001595DB /* Debug */,
				7FF25B6C1F673C89001595DB /* Release */,
			);
			defaultConfigurationIsVisible = 0;
			defaultConfigurationName = Release;
		};
		7FF25B6D1F673C89001595DB /* Build configuration list for PBXNativeTarget "RainbowColor" */ = {
			isa = XCConfigurationList;
			buildConfigurations = (
				7FF25B6E1F673C89001595DB /* Debug */,
				7FF25B6F1F673C89001595DB /* Release */,
			);
			defaultConfigurationIsVisible = 0;
		};
/* End XCConfigurationList section */
	};
	rootObject = 7FF25B531F673C89001595DB /* Project object */;
}
